
Microsoft Visual Studio Solution File, Format Version 12.00
# Visual Studio 15
Project("{FAE04EC0-301F-11D3-BF4B-00C04F79EFBC}") = "typeConversion2", "typeConversion2.csproj", "{053E256B-C957-4A21-B18C-A894A1CE6C85}"
EndProject
Global
	GlobalSection(SolutionConfigurationPlatforms) = preSolution
		Debug|Any CPU = Debug|Any CPU
		Release|Any CPU = Release|Any CPU
	EndGlobalSection
	GlobalSection(ProjectConfigurationPlatforms) = postSolution
		{053E256B-C957-4A21-B18C-A894A1CE6C85}.Debug|Any CPU.ActiveCfg = Debug|Any CPU
		{053E256B-C957-4A21-B18C-A894A1CE6C85}.Debug|Any CPU.Build.0 = Debug|Any CPU
		{053E256B-C957-4A21-B18C-A894A1CE6C85}.Release|Any CPU.ActiveCfg = Release|Any CPU
		{053E256B-C957-4A21-B18C-A894A1CE6C85}.Release|Any CPU.Build.0 = Release|Any CPU
	EndGlobalSection
EndGlobal
